PODS:
  - CosmosEncrypt (1.0.0):
    - openssl-lib
    - protobuf-lib
  - Mantle (2.1.1):
    - Mantle/extobjc (= 2.1.1)
  - Mantle/extobjc (2.1.1)
  - MCCSecret (1.0.0)
  - MetalPetal (1.10.5):
    - MetalPetal/Core (= 1.10.5)
  - MetalPetal/Core (1.10.5)
  - MMBeautyKit (1.2.0):
    - CosmosEncrypt
    - MCCSecret
    - MMBeautyMedia
    - MMCV
    - MMDevice
    - MMFileService
    - MMXEngine
  - MMBeautyMedia (1.2.2):
    - Mantle
    - MetalPetal
    - MMXEngine
  - MMCV (1.1.5):
    - MCCSecret
    - MMFileService
    - PhotonHTTPDNS
    - ZipArchive
  - MMDevice (1.0.0)
  - MMFileService (1.3.1)
  - MMXEngine (4.4.4)
  - openssl-lib (1.0.1)
  - PhotonHTTPDNS (1.0.1)
  - protobuf-lib (3.6.1)
  - ZipArchive (1.4.0)

DEPENDENCIES:
  - MetalPetal (= 1.10.5)
  - MMBeautyKit (= 1.2.0)
  - MMBeautyMedia (= 1.2.2)
  - MMXEngine (= 4.4.4)

SPEC REPOS:
  https://github.com/cosmos33/MMSpecs.git:
    - CosmosEncrypt
    - MCCSecret
    - MMBeautyKit
    - MMBeautyMedia
    - MMCV
    - MMDevice
    - MMFileService
    - MMXEngine
    - openssl-lib
    - PhotonHTTPDNS
    - protobuf-lib
  trunk:
    - Mantle
    - MetalPetal
    - ZipArchive

SPEC CHECKSUMS:
  CosmosEncrypt: cf630ded96fc16c4968296dc438644e9173a248b
  Mantle: 35238ae6f2e2b2d474fa7b67fee82a59fea71915
  MCCSecret: 5658f66290969726586eddbdfe45e27731dbfa17
  MetalPetal: e709c2cd4116c0eb09f9b9f1822353ebe769b824
  MMBeautyKit: 2b2e99047bf21de6b14c434427f2d05a3f34c360
  MMBeautyMedia: 96fee25c8220a0083d5ad75db08427d1326adfb2
  MMCV: 45c9f6a33419f8c3661615832f14dfb4f0ff6043
  MMDevice: 8fdf446c7aedc2243918eabcf66f1c84f362931e
  MMFileService: 4112b6ddb95c3612731044e300bae12accff3b8e
  MMXEngine: 59be02b571db760313f49662cbaeacfbab2072a5
  openssl-lib: e3f61a10280caf261c0e4c6b3e720aa94825f07a
  PhotonHTTPDNS: f2d67b2f6008451c5dce51e15171e2be50f58554
  protobuf-lib: 72e5ad47507bf0457298db2ae4c34a935f2eab73
  ZipArchive: e25a4373192673e3229ac8d6e9f64a3e5713c966

PODFILE CHECKSUM: c1f1ff949c5920f5a385ffdffce681e26e96e8d5

COCOAPODS: 1.9.3
