PODS:
  - CosmosEncrypt (1.0.0):
    - openssl-lib
    - protobuf-lib
  - Mantle (2.1.6):
    - Mantle/extobjc (= 2.1.6)
  - Mantle/extobjc (2.1.6)
  - MCCSecret (1.0.0)
  - MetalPetal/Core (1.13.0)
  - MetalPetal/Static (1.13.0):
    - MetalPetal/Core
  - MMBeautyKit (2.0.0):
    - CosmosEncrypt
    - MCCSecret
    - MetalPetal/Static
    - MMBeautyMedia
    - MMCV (= 2.1.0-MMVideoSDK)
    - MMDevice
    - MMFileService
    - MMXEngine (= 4.4.4-20200827.1913)
  - MMBeautyMedia (2.0.0):
    - Mantle
    - MetalPetal/Static
    - MMBeautyMedia/Beauty (= 2.0.0)
    - MMBeautyMedia/Filter (= 2.0.0)
    - MMBeautyMedia/Sticker (= 2.0.0)
  - MMBeautyMedia/Beauty (2.0.0):
    - Mantle
    - MetalPetal/Static
    - MMCV
  - MMBeautyMedia/Filter (2.0.0):
    - Mantle
    - MetalPetal/Static
  - MMBeautyMedia/Sticker (2.0.0):
    - Mantle
    - MetalPetal/Static
    - MMCV
    - MMXEngine
  - MMCV (2.1.0-MMVideoSDK):
    - MCCSecret
    - MMFileService
    - PhotonHTTPDNS
    - ZipArchive
  - MMDevice (1.0.0)
  - MMFileService (1.3.3)
  - MMXEngine (4.4.4-20200827.1913)
  - openssl-lib (1.0.1)
  - PhotonHTTPDNS (1.0.2)
  - PLMediaStreamingKit (3.0.1):
    - PLMediaStreamingKit/iphoneos (= 3.0.1)
  - PLMediaStreamingKit/iphoneos (3.0.1)
  - protobuf-lib (3.6.1)
  - TXLiteAVSDK_Professional (7.6.9360)
  - ZipArchive (1.4.0)

DEPENDENCIES:
  - MetalPetal/Static (= 1.13.0)
  - MMBeautyKit (= 2.0.0-Interact)
  - PLMediaStreamingKit
  - TXLiteAVSDK_Professional

SPEC REPOS:
  https://github.com/cosmos33/MMSpecs.git:
    - CosmosEncrypt
    - MCCSecret
    - MMBeautyKit
    - MMBeautyMedia
    - MMCV
    - MMDevice
    - MMFileService
    - MMXEngine
    - openssl-lib
    - PhotonHTTPDNS
    - protobuf-lib
  trunk:
    - Mantle
    - MetalPetal
    - PLMediaStreamingKit
    - TXLiteAVSDK_Professional
    - ZipArchive

SPEC CHECKSUMS:
  CosmosEncrypt: cf630ded96fc16c4968296dc438644e9173a248b
  Mantle: 4c0ed6ce47c96eccc4dc3bb071deb3def0e2c3be
  MCCSecret: 5658f66290969726586eddbdfe45e27731dbfa17
  MetalPetal: 985e14c41cea0086264799fae4de02602c51d794
  MMBeautyKit: ede6e85cebefb4f45f69676fe9d54dbcf192a69c
  MMBeautyMedia: 397eafdf7b91c767cfbe59581badd3edd8016ee9
  MMCV: dd788552e527dc96c9642bb22da49d7e0c2dcc7c
  MMDevice: 8fdf446c7aedc2243918eabcf66f1c84f362931e
  MMFileService: 58ebb00e5278f26f997d85163dc11f4941d3c1b7
  MMXEngine: 731cdfc6220054e5829a21bacc0895b34cc6b494
  openssl-lib: e3f61a10280caf261c0e4c6b3e720aa94825f07a
  PhotonHTTPDNS: b75e0f24ef0a8cb5d2af2a4d774a0dfe799053b5
  PLMediaStreamingKit: e458493ea7eff3ad7f1c0476fa4a4c9e43d99afd
  protobuf-lib: 72e5ad47507bf0457298db2ae4c34a935f2eab73
  TXLiteAVSDK_Professional: 0993da88b243cba8250f027903f8b5f0c08be1fa
  ZipArchive: e25a4373192673e3229ac8d6e9f64a3e5713c966

PODFILE CHECKSUM: 08351de39ec16a87b34f2cfcb8be5635a0b115cd

COCOAPODS: 1.9.3
